// !$*UTF8*$!
{
	archiveVersion = 1;
	classes = {
	};
	objectVersion = 56;
	objects = {

/* Begin PBXBuildFile section */
		1D9718C12A2C8C05442E64EB /* Pods_NewTestApp.framework in Frameworks */ = {isa = PBXBuildFile; fileRef = 966C3CF9ED8F18ADF242848B /* Pods_NewTestApp.framework */; };
		56F75CF72B2ED32E00C71121 /* RatingView.swift in Sources */ = {isa = PBXBuildFile; fileRef = 56F75CF62B2ED32E00C71121 /* RatingView.swift */; };
		56F75CFA2B2ED59200C71121 /* SFProDisplay-Medium.ttf in Resources */ = {isa = PBXBuildFile; fileRef = 56F75CF92B2ED59200C71121 /* SFProDisplay-Medium.ttf */; };
		56F75CFC2B2EEF7900C71121 /* SFProDisplaySemibold.otf in Resources */ = {isa = PBXBuildFile; fileRef = 56F75CFB2B2EEF7900C71121 /* SFProDisplaySemibold.otf */; };
		56F75CFE2B2EEFA200C71121 /* SFProDisplay-Regular.otf in Resources */ = {isa = PBXBuildFile; fileRef = 56F75CFD2B2EEFA200C71121 /* SFProDisplay-Regular.otf */; };
		56F75D002B2EF18800C71121 /* HotelContentView.swift in Sources */ = {isa = PBXBuildFile; fileRef = 56F75CFF2B2EF18800C71121 /* HotelContentView.swift */; };
		56F75D022B2F541A00C71121 /* HotelDetailContentView.swift in Sources */ = {isa = PBXBuildFile; fileRef = 56F75D012B2F541A00C71121 /* HotelDetailContentView.swift */; };
		56F75D062B2F5D5200C71121 /* PaddedLabel.swift in Sources */ = {isa = PBXBuildFile; fileRef = 56F75D052B2F5D5200C71121 /* PaddedLabel.swift */; };
		56F75D082B300DF000C71121 /* DetailTableViewCell.swift in Sources */ = {isa = PBXBuildFile; fileRef = 56F75D072B300DF000C71121 /* DetailTableViewCell.swift */; };
		56F75D0A2B30194000C71121 /* HotelBottomView.swift in Sources */ = {isa = PBXBuildFile; fileRef = 56F75D092B30194000C71121 /* HotelBottomView.swift */; };
		56F75D0C2B31812300C71121 /* NumberViewController.swift in Sources */ = {isa = PBXBuildFile; fileRef = 56F75D0B2B31812200C71121 /* NumberViewController.swift */; };
		56F75D0E2B35C87600C71121 /* NumberTableViewCell.swift in Sources */ = {isa = PBXBuildFile; fileRef = 56F75D0D2B35C87600C71121 /* NumberTableViewCell.swift */; };
		56F75D102B35CF0E00C71121 /* RoomData.swift in Sources */ = {isa = PBXBuildFile; fileRef = 56F75D0F2B35CF0E00C71121 /* RoomData.swift */; };
		56F855832B2DAB6500588B54 /* AppDelegate.swift in Sources */ = {isa = PBXBuildFile; fileRef = 56F855822B2DAB6500588B54 /* AppDelegate.swift */; };
		56F855852B2DAB6500588B54 /* SceneDelegate.swift in Sources */ = {isa = PBXBuildFile; fileRef = 56F855842B2DAB6500588B54 /* SceneDelegate.swift */; };
		56F855872B2DAB6500588B54 /* HotelViewController.swift in Sources */ = {isa = PBXBuildFile; fileRef = 56F855862B2DAB6500588B54 /* HotelViewController.swift */; };
		56F8558C2B2DAB6700588B54 /* Assets.xcassets in Resources */ = {isa = PBXBuildFile; fileRef = 56F8558B2B2DAB6700588B54 /* Assets.xcassets */; };
		56F8558F2B2DAB6700588B54 /* LaunchScreen.storyboard in Resources */ = {isa = PBXBuildFile; fileRef = 56F8558D2B2DAB6700588B54 /* LaunchScreen.storyboard */; };
		56F8559C2B2DAF7000588B54 /* ImageCarouselView.swift in Sources */ = {isa = PBXBuildFile; fileRef = 56F8559B2B2DAF7000588B54 /* ImageCarouselView.swift */; };
		56F855A02B2DB2B700588B54 /* NetworkService.swift in Sources */ = {isa = PBXBuildFile; fileRef = 56F8559F2B2DB2B700588B54 /* NetworkService.swift */; };
		56F855A22B2DBD6500588B54 /* Hotel.swift in Sources */ = {isa = PBXBuildFile; fileRef = 56F855A12B2DBD6500588B54 /* Hotel.swift */; };
/* End PBXBuildFile section */

/* Begin PBXFileReference section */
		56F75CF62B2ED32E00C71121 /* RatingView.swift */ = {isa = PBXFileReference; lastKnownFileType = sourcecode.swift; path = RatingView.swift; sourceTree = "<group>"; };
		56F75CF92B2ED59200C71121 /* SFProDisplay-Medium.ttf */ = {isa = PBXFileReference; lastKnownFileType = file; path = "SFProDisplay-Medium.ttf"; sourceTree = "<group>"; };
		56F75CFB2B2EEF7900C71121 /* SFProDisplaySemibold.otf */ = {isa = PBXFileReference; lastKnownFileType = file; path = SFProDisplaySemibold.otf; sourceTree = "<group>"; };
		56F75CFD2B2EEFA200C71121 /* SFProDisplay-Regular.otf */ = {isa = PBXFileReference; lastKnownFileType = file; path = "SFProDisplay-Regular.otf"; sourceTree = "<group>"; };
		56F75CFF2B2EF18800C71121 /* HotelContentView.swift */ = {isa = PBXFileReference; lastKnownFileType = sourcecode.swift; path = HotelContentView.swift; sourceTree = "<group>"; };
		56F75D012B2F541A00C71121 /* HotelDetailContentView.swift */ = {isa = PBXFileReference; lastKnownFileType = sourcecode.swift; path = HotelDetailContentView.swift; sourceTree = "<group>"; };
		56F75D052B2F5D5200C71121 /* PaddedLabel.swift */ = {isa = PBXFileReference; lastKnownFileType = sourcecode.swift; path = PaddedLabel.swift; sourceTree = "<group>"; };
		56F75D072B300DF000C71121 /* DetailTableViewCell.swift */ = {isa = PBXFileReference; lastKnownFileType = sourcecode.swift; path = DetailTableViewCell.swift; sourceTree = "<group>"; };
		56F75D092B30194000C71121 /* HotelBottomView.swift */ = {isa = PBXFileReference; lastKnownFileType = sourcecode.swift; path = HotelBottomView.swift; sourceTree = "<group>"; };
		56F75D0B2B31812200C71121 /* NumberViewController.swift */ = {isa = PBXFileReference; lastKnownFileType = sourcecode.swift; path = NumberViewController.swift; sourceTree = "<group>"; };
		56F75D0D2B35C87600C71121 /* NumberTableViewCell.swift */ = {isa = PBXFileReference; lastKnownFileType = sourcecode.swift; path = NumberTableViewCell.swift; sourceTree = "<group>"; };
		56F75D0F2B35CF0E00C71121 /* RoomData.swift */ = {isa = PBXFileReference; lastKnownFileType = sourcecode.swift; path = RoomData.swift; sourceTree = "<group>"; };
		56F8557F2B2DAB6500588B54 /* NewTestApp.app */ = {isa = PBXFileReference; explicitFileType = wrapper.application; includeInIndex = 0; path = NewTestApp.app; sourceTree = BUILT_PRODUCTS_DIR; };
		56F855822B2DAB6500588B54 /* AppDelegate.swift */ = {isa = PBXFileReference; lastKnownFileType = sourcecode.swift; path = AppDelegate.swift; sourceTree = "<group>"; };
		56F855842B2DAB6500588B54 /* SceneDelegate.swift */ = {isa = PBXFileReference; lastKnownFileType = sourcecode.swift; path = SceneDelegate.swift; sourceTree = "<group>"; };
		56F855862B2DAB6500588B54 /* HotelViewController.swift */ = {isa = PBXFileReference; lastKnownFileType = sourcecode.swift; path = HotelViewController.swift; sourceTree = "<group>"; };
		56F8558B2B2DAB6700588B54 /* Assets.xcassets */ = {isa = PBXFileReference; lastKnownFileType = folder.assetcatalog; path = Assets.xcassets; sourceTree = "<group>"; };
		56F8558E2B2DAB6700588B54 /* Base */ = {isa = PBXFileReference; lastKnownFileType = file.storyboard; name = Base; path = Base.lproj/LaunchScreen.storyboard; sourceTree = "<group>"; };
		56F855902B2DAB6700588B54 /* Info.plist */ = {isa = PBXFileReference; lastKnownFileType = text.plist.xml; path = Info.plist; sourceTree = "<group>"; };
		56F8559B2B2DAF7000588B54 /* ImageCarouselView.swift */ = {isa = PBXFileReference; lastKnownFileType = sourcecode.swift; path = ImageCarouselView.swift; sourceTree = "<group>"; };
		56F8559F2B2DB2B700588B54 /* NetworkService.swift */ = {isa = PBXFileReference; lastKnownFileType = sourcecode.swift; path = NetworkService.swift; sourceTree = "<group>"; };
		56F855A12B2DBD6500588B54 /* Hotel.swift */ = {isa = PBXFileReference; lastKnownFileType = sourcecode.swift; path = Hotel.swift; sourceTree = "<group>"; };
		72D49189DD676EB9B8AE2AE3 /* Pods-NewTestApp.debug.xcconfig */ = {isa = PBXFileReference; includeInIndex = 1; lastKnownFileType = text.xcconfig; name = "Pods-NewTestApp.debug.xcconfig"; path = "Target Support Files/Pods-NewTestApp/Pods-NewTestApp.debug.xcconfig"; sourceTree = "<group>"; };
		83F68F6B7076C57B7922D65E /* Pods-NewTestApp.release.xcconfig */ = {isa = PBXFileReference; includeInIndex = 1; lastKnownFileType = text.xcconfig; name = "Pods-NewTestApp.release.xcconfig"; path = "Target Support Files/Pods-NewTestApp/Pods-NewTestApp.release.xcconfig"; sourceTree = "<group>"; };
		966C3CF9ED8F18ADF242848B /* Pods_NewTestApp.framework */ = {isa = PBXFileReference; explicitFileType = wrapper.framework; includeInIndex = 0; path = Pods_NewTestApp.framework; sourceTree = BUILT_PRODUCTS_DIR; };
/* End PBXFileReference section */

/* Begin PBXFrameworksBuildPhase section */
		56F8557C2B2DAB6500588B54 /* Frameworks */ = {
			isa = PBXFrameworksBuildPhase;
			buildActionMask = 2147483647;
			files = (
				1D9718C12A2C8C05442E64EB /* Pods_NewTestApp.framework in Frameworks */,
			);
			runOnlyForDeploymentPostprocessing = 0;
		};
/* End PBXFrameworksBuildPhase section */

/* Begin PBXGroup section */
		56F75CF82B2ED58900C71121 /* Fonts */ = {
			isa = PBXGroup;
			children = (
				56F75CFD2B2EEFA200C71121 /* SFProDisplay-Regular.otf */,
				56F75CFB2B2EEF7900C71121 /* SFProDisplaySemibold.otf */,
				56F75CF92B2ED59200C71121 /* SFProDisplay-Medium.ttf */,
			);
			path = Fonts;
			sourceTree = "<group>";
		};
		56F855762B2DAB6500588B54 = {
			isa = PBXGroup;
			children = (
				56F855812B2DAB6500588B54 /* NewTestApp */,
				56F855802B2DAB6500588B54 /* Products */,
				DDE456D71E14769116C617AE /* Pods */,
				5C773C6A3766260E1F10326A /* Frameworks */,
			);
			sourceTree = "<group>";
		};
		56F855802B2DAB6500588B54 /* Products */ = {
			isa = PBXGroup;
			children = (
				56F8557F2B2DAB6500588B54 /* NewTestApp.app */,
			);
			name = Products;
			sourceTree = "<group>";
		};
		56F855812B2DAB6500588B54 /* NewTestApp */ = {
			isa = PBXGroup;
			children = (
				56F8559A2B2DAF0900588B54 /* Model */,
				56F855992B2DAF0100588B54 /* Views */,
				56F855962B2DAC7200588B54 /* Scenes */,
				56F855982B2DAEF900588B54 /* Controllers */,
				56F855972B2DAC8500588B54 /* resourse */,
				56F855902B2DAB6700588B54 /* Info.plist */,
				56F8559F2B2DB2B700588B54 /* NetworkService.swift */,
			);
			path = NewTestApp;
			sourceTree = "<group>";
		};
		56F855962B2DAC7200588B54 /* Scenes */ = {
			isa = PBXGroup;
			children = (
				56F855822B2DAB6500588B54 /* AppDelegate.swift */,
				56F855842B2DAB6500588B54 /* SceneDelegate.swift */,
			);
			path = Scenes;
			sourceTree = "<group>";
		};
		56F855972B2DAC8500588B54 /* resourse */ = {
			isa = PBXGroup;
			children = (
				56F75CF82B2ED58900C71121 /* Fonts */,
				56F8558B2B2DAB6700588B54 /* Assets.xcassets */,
				56F8558D2B2DAB6700588B54 /* LaunchScreen.storyboard */,
			);
			path = resourse;
			sourceTree = "<group>";
		};
		56F855982B2DAEF900588B54 /* Controllers */ = {
			isa = PBXGroup;
			children = (
				56F855862B2DAB6500588B54 /* HotelViewController.swift */,
				56F75D0B2B31812200C71121 /* NumberViewController.swift */,
			);
			path = Controllers;
			sourceTree = "<group>";
		};
		56F855992B2DAF0100588B54 /* Views */ = {
			isa = PBXGroup;
			children = (
				56F8559B2B2DAF7000588B54 /* ImageCarouselView.swift */,
				56F75CF62B2ED32E00C71121 /* RatingView.swift */,
				56F75CFF2B2EF18800C71121 /* HotelContentView.swift */,
				56F75D012B2F541A00C71121 /* HotelDetailContentView.swift */,
				56F75D052B2F5D5200C71121 /* PaddedLabel.swift */,
				56F75D072B300DF000C71121 /* DetailTableViewCell.swift */,
				56F75D092B30194000C71121 /* HotelBottomView.swift */,
				56F75D0D2B35C87600C71121 /* NumberTableViewCell.swift */,
			);
			path = Views;
			sourceTree = "<group>";
		};
		56F8559A2B2DAF0900588B54 /* Model */ = {
			isa = PBXGroup;
			children = (
				56F855A12B2DBD6500588B54 /* Hotel.swift */,
				56F75D0F2B35CF0E00C71121 /* RoomData.swift */,
			);
			path = Model;
			sourceTree = "<group>";
		};
		5C773C6A3766260E1F10326A /* Frameworks */ = {
			isa = PBXGroup;
			children = (
				966C3CF9ED8F18ADF242848B /* Pods_NewTestApp.framework */,
			);
			name = Frameworks;
			sourceTree = "<group>";
		};
		DDE456D71E14769116C617AE /* Pods */ = {
			isa = PBXGroup;
			children = (
				72D49189DD676EB9B8AE2AE3 /* Pods-NewTestApp.debug.xcconfig */,
				83F68F6B7076C57B7922D65E /* Pods-NewTestApp.release.xcconfig */,
			);
			path = Pods;
			sourceTree = "<group>";
		};
/* End PBXGroup section */

/* Begin PBXNativeTarget section */
		56F8557E2B2DAB6500588B54 /* NewTestApp */ = {
			isa = PBXNativeTarget;
			buildConfigurationList = 56F855932B2DAB6700588B54 /* Build configuration list for PBXNativeTarget "NewTestApp" */;
			buildPhases = (
				2C67E499FE85E56F6CB9B311 /* [CP] Check Pods Manifest.lock */,
				56F8557B2B2DAB6500588B54 /* Sources */,
				56F8557C2B2DAB6500588B54 /* Frameworks */,
				56F8557D2B2DAB6500588B54 /* Resources */,
				CDC17ABA1BC6FD8CFA90ECD3 /* [CP] Embed Pods Frameworks */,
			);
			buildRules = (
			);
			dependencies = (
			);
			name = NewTestApp;
			productName = NewTestApp;
			productReference = 56F8557F2B2DAB6500588B54 /* NewTestApp.app */;
			productType = "com.apple.product-type.application";
		};
/* End PBXNativeTarget section */

/* Begin PBXProject section */
		56F855772B2DAB6500588B54 /* Project object */ = {
			isa = PBXProject;
			attributes = {
				BuildIndependentTargetsInParallel = 1;
				LastSwiftUpdateCheck = 1510;
				LastUpgradeCheck = 1510;
				TargetAttributes = {
					56F8557E2B2DAB6500588B54 = {
						CreatedOnToolsVersion = 15.1;
					};
				};
			};
			buildConfigurationList = 56F8557A2B2DAB6500588B54 /* Build configuration list for PBXProject "NewTestApp" */;
			compatibilityVersion = "Xcode 14.0";
			developmentRegion = en;
			hasScannedForEncodings = 0;
			knownRegions = (
				en,
				Base,
			);
			mainGroup = 56F855762B2DAB6500588B54;
			productRefGroup = 56F855802B2DAB6500588B54 /* Products */;
			projectDirPath = "";
			projectRoot = "";
			targets = (
				56F8557E2B2DAB6500588B54 /* NewTestApp */,
			);
		};
/* End PBXProject section */

/* Begin PBXResourcesBuildPhase section */
		56F8557D2B2DAB6500588B54 /* Resources */ = {
			isa = PBXResourcesBuildPhase;
			buildActionMask = 2147483647;
			files = (
				56F75CFC2B2EEF7900C71121 /* SFProDisplaySemibold.otf in Resources */,
				56F8558F2B2DAB6700588B54 /* LaunchScreen.storyboard in Resources */,
				56F75CFA2B2ED59200C71121 /* SFProDisplay-Medium.ttf in Resources */,
				56F75CFE2B2EEFA200C71121 /* SFProDisplay-Regular.otf in Resources */,
				56F8558C2B2DAB6700588B54 /* Assets.xcassets in Resources */,
			);
			runOnlyForDeploymentPostprocessing = 0;
		};
/* End PBXResourcesBuildPhase section */

/* Begin PBXShellScriptBuildPhase section */
		2C67E499FE85E56F6CB9B311 /* [CP] Check Pods Manifest.lock */ = {
			isa = PBXShellScriptBuildPhase;
			buildActionMask = 2147483647;
			files = (
			);
			inputFileListPaths = (
			);
			inputPaths = (
				"${PODS_PODFILE_DIR_PATH}/Podfile.lock",
				"${PODS_ROOT}/Manifest.lock",
			);
			name = "[CP] Check Pods Manifest.lock";
			outputFileListPaths = (
			);
			outputPaths = (
				"$(DERIVED_FILE_DIR)/Pods-NewTestApp-checkManifestLockResult.txt",
			);
			runOnlyForDeploymentPostprocessing = 0;
			shellPath = /bin/sh;
			shellScript = "diff \"${PODS_PODFILE_DIR_PATH}/Podfile.lock\" \"${PODS_ROOT}/Manifest.lock\" > /dev/null\nif [ $? != 0 ] ; then\n    # print error to STDERR\n    echo \"error: The sandbox is not in sync with the Podfile.lock. Run 'pod install' or update your CocoaPods installation.\" >&2\n    exit 1\nfi\n# This output is used by Xcode 'outputs' to avoid re-running this script phase.\necho \"SUCCESS\" > \"${SCRIPT_OUTPUT_FILE_0}\"\n";
			showEnvVarsInLog = 0;
		};
		CDC17ABA1BC6FD8CFA90ECD3 /* [CP] Embed Pods Frameworks */ = {
			isa = PBXShellScriptBuildPhase;
			buildActionMask = 2147483647;
			files = (
			);
			inputFileListPaths = (
				"${PODS_ROOT}/Target Support Files/Pods-NewTestApp/Pods-NewTestApp-frameworks-${CONFIGURATION}-input-files.xcfilelist",
			);
			name = "[CP] Embed Pods Frameworks";
			outputFileListPaths = (
				"${PODS_ROOT}/Target Support Files/Pods-NewTestApp/Pods-NewTestApp-frameworks-${CONFIGURATION}-output-files.xcfilelist",
			);
			runOnlyForDeploymentPostprocessing = 0;
			shellPath = /bin/sh;
			shellScript = "\"${PODS_ROOT}/Target Support Files/Pods-NewTestApp/Pods-NewTestApp-frameworks.sh\"\n";
			showEnvVarsInLog = 0;
		};
/* End PBXShellScriptBuildPhase section */

/* Begin PBXSourcesBuildPhase section */
		56F8557B2B2DAB6500588B54 /* Sources */ = {
			isa = PBXSourcesBuildPhase;
			buildActionMask = 2147483647;
			files = (
				56F75D0C2B31812300C71121 /* NumberViewController.swift in Sources */,
				56F855A22B2DBD6500588B54 /* Hotel.swift in Sources */,
				56F855872B2DAB6500588B54 /* HotelViewController.swift in Sources */,
				56F855832B2DAB6500588B54 /* AppDelegate.swift in Sources */,
				56F75D022B2F541A00C71121 /* HotelDetailContentView.swift in Sources */,
				56F75D0A2B30194000C71121 /* HotelBottomView.swift in Sources */,
				56F75D0E2B35C87600C71121 /* NumberTableViewCell.swift in Sources */,
				56F75D002B2EF18800C71121 /* HotelContentView.swift in Sources */,
				56F75CF72B2ED32E00C71121 /* RatingView.swift in Sources */,
				56F75D102B35CF0E00C71121 /* RoomData.swift in Sources */,
				56F855852B2DAB6500588B54 /* SceneDelegate.swift in Sources */,
				56F855A02B2DB2B700588B54 /* NetworkService.swift in Sources */,
				56F75D062B2F5D5200C71121 /* PaddedLabel.swift in Sources */,
				56F8559C2B2DAF7000588B54 /* ImageCarouselView.swift in Sources */,
				56F75D082B300DF000C71121 /* DetailTableViewCell.swift in Sources */,
			);
			runOnlyForDeploymentPostprocessing = 0;
		};
/* End PBXSourcesBuildPhase section */

/* Begin PBXVariantGroup section */
		56F8558D2B2DAB6700588B54 /* LaunchScreen.storyboard */ = {
			isa = PBXVariantGroup;
			children = (
				56F8558E2B2DAB6700588B54 /* Base */,
			);
			name = LaunchScreen.storyboard;
			sourceTree = "<group>";
		};
/* End PBXVariantGroup section */

/* Begin XCBuildConfiguration section */
		56F855912B2DAB6700588B54 /* Debug */ = {
			isa = XCBuildConfiguration;
			buildSettings = {
				ALWAYS_SEARCH_USER_PATHS = NO;
				ASSETCATALOG_COMPILER_GENERATE_SWIFT_ASSET_SYMBOL_EXTENSIONS = YES;
				CLANG_ANALYZER_NONNULL = YES;
				CLANG_ANALYZER_NUMBER_OBJECT_CONVERSION = YES_AGGRESSIVE;
				CLANG_CXX_LANGUAGE_STANDARD = "gnu++20";
				CLANG_ENABLE_MODULES = YES;
				CLANG_ENABLE_OBJC_ARC = YES;
				CLANG_ENABLE_OBJC_WEAK = YES;
				CLANG_WARN_BLOCK_CAPTURE_AUTORELEASING = YES;
				CLANG_WARN_BOOL_CONVERSION = YES;
				CLANG_WARN_COMMA = YES;
				CLANG_WARN_CONSTANT_CONVERSION = YES;
				CLANG_WARN_DEPRECATED_OBJC_IMPLEMENTATIONS = YES;
				CLANG_WARN_DIRECT_OBJC_ISA_USAGE = YES_ERROR;
				CLANG_WARN_DOCUMENTATION_COMMENTS = YES;
				CLANG_WARN_EMPTY_BODY = YES;
				CLANG_WARN_ENUM_CONVERSION = YES;
				CLANG_WARN_INFINITE_RECURSION = YES;
				CLANG_WARN_INT_CONVERSION = YES;
				CLANG_WARN_NON_LITERAL_NULL_CONVERSION = YES;
				CLANG_WARN_OBJC_IMPLICIT_RETAIN_SELF = YES;
				CLANG_WARN_OBJC_LITERAL_CONVERSION = YES;
				CLANG_WARN_OBJC_ROOT_CLASS = YES_ERROR;
				CLANG_WARN_QUOTED_INCLUDE_IN_FRAMEWORK_HEADER = YES;
				CLANG_WARN_RANGE_LOOP_ANALYSIS = YES;
				CLANG_WARN_STRICT_PROTOTYPES = YES;
				CLANG_WARN_SUSPICIOUS_MOVE = YES;
				CLANG_WARN_UNGUARDED_AVAILABILITY = YES_AGGRESSIVE;
				CLANG_WARN_UNREACHABLE_CODE = YES;
				CLANG_WARN__DUPLICATE_METHOD_MATCH = YES;
				COPY_PHASE_STRIP = NO;
				DEBUG_INFORMATION_FORMAT = dwarf;
				ENABLE_STRICT_OBJC_MSGSEND = YES;
				ENABLE_TESTABILITY = YES;
				ENABLE_USER_SCRIPT_SANDBOXING = NO;
				GCC_C_LANGUAGE_STANDARD = gnu17;
				GCC_DYNAMIC_NO_PIC = NO;
				GCC_NO_COMMON_BLOCKS = YES;
				GCC_OPTIMIZATION_LEVEL = 0;
				GCC_PREPROCESSOR_DEFINITIONS = (
					"DEBUG=1",
					"$(inherited)",
				);
				GCC_WARN_64_TO_32_BIT_CONVERSION = YES;
				GCC_WARN_ABOUT_RETURN_TYPE = YES_ERROR;
				GCC_WARN_UNDECLARED_SELECTOR = YES;
				GCC_WARN_UNINITIALIZED_AUTOS = YES_AGGRESSIVE;
				GCC_WARN_UNUSED_FUNCTION = YES;
				GCC_WARN_UNUSED_VARIABLE = YES;
				IPHONEOS_DEPLOYMENT_TARGET = 17.2;
				LOCALIZATION_PREFERS_STRING_CATALOGS = YES;
				MTL_ENABLE_DEBUG_INFO = INCLUDE_SOURCE;
				MTL_FAST_MATH = YES;
				ONLY_ACTIVE_ARCH = YES;
				SDKROOT = iphoneos;
				SWIFT_ACTIVE_COMPILATION_CONDITIONS = "DEBUG $(inherited)";
				SWIFT_OPTIMIZATION_LEVEL = "-Onone";
			};
			name = Debug;
		};
		56F855922B2DAB6700588B54 /* Release */ = {
			isa = XCBuildConfiguration;
			buildSettings = {
				ALWAYS_SEARCH_USER_PATHS = NO;
				ASSETCATALOG_COMPILER_GENERATE_SWIFT_ASSET_SYMBOL_EXTENSIONS = YES;
				CLANG_ANALYZER_NONNULL = YES;
				CLANG_ANALYZER_NUMBER_OBJECT_CONVERSION = YES_AGGRESSIVE;
				CLANG_CXX_LANGUAGE_STANDARD = "gnu++20";
				CLANG_ENABLE_MODULES = YES;
				CLANG_ENABLE_OBJC_ARC = YES;
				CLANG_ENABLE_OBJC_WEAK = YES;
				CLANG_WARN_BLOCK_CAPTURE_AUTORELEASING = YES;
				CLANG_WARN_BOOL_CONVERSION = YES;
				CLANG_WARN_COMMA = YES;
				CLANG_WARN_CONSTANT_CONVERSION = YES;
				CLANG_WARN_DEPRECATED_OBJC_IMPLEMENTATIONS = YES;
				CLANG_WARN_DIRECT_OBJC_ISA_USAGE = YES_ERROR;
				CLANG_WARN_DOCUMENTATION_COMMENTS = YES;
				CLANG_WARN_EMPTY_BODY = YES;
				CLANG_WARN_ENUM_CONVERSION = YES;
				CLANG_WARN_INFINITE_RECURSION = YES;
				CLANG_WARN_INT_CONVERSION = YES;
				CLANG_WARN_NON_LITERAL_NULL_CONVERSION = YES;
				CLANG_WARN_OBJC_IMPLICIT_RETAIN_SELF = YES;
				CLANG_WARN_OBJC_LITERAL_CONVERSION = YES;
				CLANG_WARN_OBJC_ROOT_CLASS = YES_ERROR;
				CLANG_WARN_QUOTED_INCLUDE_IN_FRAMEWORK_HEADER = YES;
				CLANG_WARN_RANGE_LOOP_ANALYSIS = YES;
				CLANG_WARN_STRICT_PROTOTYPES = YES;
				CLANG_WARN_SUSPICIOUS_MOVE = YES;
				CLANG_WARN_UNGUARDED_AVAILABILITY = YES_AGGRESSIVE;
				CLANG_WARN_UNREACHABLE_CODE = YES;
				CLANG_WARN__DUPLICATE_METHOD_MATCH = YES;
				COPY_PHASE_STRIP = NO;
				DEBUG_INFORMATION_FORMAT = "dwarf-with-dsym";
				ENABLE_NS_ASSERTIONS = NO;
				ENABLE_STRICT_OBJC_MSGSEND = YES;
				ENABLE_USER_SCRIPT_SANDBOXING = NO;
				GCC_C_LANGUAGE_STANDARD = gnu17;
				GCC_NO_COMMON_BLOCKS = YES;
				GCC_WARN_64_TO_32_BIT_CONVERSION = YES;
				GCC_WARN_ABOUT_RETURN_TYPE = YES_ERROR;
				GCC_WARN_UNDECLARED_SELECTOR = YES;
				GCC_WARN_UNINITIALIZED_AUTOS = YES_AGGRESSIVE;
				GCC_WARN_UNUSED_FUNCTION = YES;
				GCC_WARN_UNUSED_VARIABLE = YES;
				IPHONEOS_DEPLOYMENT_TARGET = 17.2;
				LOCALIZATION_PREFERS_STRING_CATALOGS = YES;
				MTL_ENABLE_DEBUG_INFO = NO;
				MTL_FAST_MATH = YES;
				SDKROOT = iphoneos;
				SWIFT_COMPILATION_MODE = wholemodule;
				VALIDATE_PRODUCT = YES;
			};
			name = Release;
		};
		56F855942B2DAB6700588B54 /* Debug */ = {
			isa = XCBuildConfiguration;
			baseConfigurationReference = 72D49189DD676EB9B8AE2AE3 /* Pods-NewTestApp.debug.xcconfig */;
			buildSettings = {
				ASSETCATALOG_COMPILER_APPICON_NAME = AppIcon;
				ASSETCATALOG_COMPILER_GLOBAL_ACCENT_COLOR_NAME = AccentColor;
				CODE_SIGN_STYLE = Automatic;
				CURRENT_PROJECT_VERSION = 1;
				GENERATE_INFOPLIST_FILE = YES;
				INFOPLIST_FILE = NewTestApp/Info.plist;
				INFOPLIST_KEY_UIApplicationSupportsIndirectInputEvents = YES;
				INFOPLIST_KEY_UILaunchStoryboardName = LaunchScreen;
				INFOPLIST_KEY_UISupportedInterfaceOrientations_iPad = "UIInterfaceOrientationPortrait UIInterfaceOrientationPortraitUpsideDown UIInterfaceOrientationLandscapeLeft UIInterfaceOrientationLandscapeRight";
				INFOPLIST_KEY_UISupportedInterfaceOrientations_iPhone = "UIInterfaceOrientationPortrait UIInterfaceOrientationLandscapeLeft UIInterfaceOrientationLandscapeRight";
				LD_RUNPATH_SEARCH_PATHS = (
					"$(inherited)",
					"@executable_path/Frameworks",
				);
				MARKETING_VERSION = 1.0;
				PRODUCT_BUNDLE_IDENTIFIER = "Altynbek-Dimoon.test.NewTestApp";
				PRODUCT_NAME = "$(TARGET_NAME)";
				SWIFT_EMIT_LOC_STRINGS = YES;
				SWIFT_VERSION = 5.0;
				TARGETED_DEVICE_FAMILY = "1,2";
			};
			name = Debug;
		};
		56F855952B2DAB6700588B54 /* Release */ = {
			isa = XCBuildConfiguration;
			baseConfigurationReference = 83F68F6B7076C57B7922D65E /* Pods-NewTestApp.release.xcconfig */;
			buildSettings = {
				ASSETCATALOG_COMPILER_APPICON_NAME = AppIcon;
				ASSETCATALOG_COMPILER_GLOBAL_ACCENT_COLOR_NAME = AccentColor;
				CODE_SIGN_STYLE = Automatic;
				CURRENT_PROJECT_VERSION = 1;
				GENERATE_INFOPLIST_FILE = YES;
				INFOPLIST_FILE = NewTestApp/Info.plist;
				INFOPLIST_KEY_UIApplicationSupportsIndirectInputEvents = YES;
				INFOPLIST_KEY_UILaunchStoryboardName = LaunchScreen;
				INFOPLIST_KEY_UISupportedInterfaceOrientations_iPad = "UIInterfaceOrientationPortrait UIInterfaceOrientationPortraitUpsideDown UIInterfaceOrientationLandscapeLeft UIInterfaceOrientationLandscapeRight";
				INFOPLIST_KEY_UISupportedInterfaceOrientations_iPhone = "UIInterfaceOrientationPortrait UIInterfaceOrientationLandscapeLeft UIInterfaceOrientationLandscapeRight";
				LD_RUNPATH_SEARCH_PATHS = (
					"$(inherited)",
					"@executable_path/Frameworks",
				);
				MARKETING_VERSION = 1.0;
				PRODUCT_BUNDLE_IDENTIFIER = "Altynbek-Dimoon.test.NewTestApp";
				PRODUCT_NAME = "$(TARGET_NAME)";
				SWIFT_EMIT_LOC_STRINGS = YES;
				SWIFT_VERSION = 5.0;
				TARGETED_DEVICE_FAMILY = "1,2";
			};
			name = Release;
		};
/* End XCBuildConfiguration section */

/* Begin XCConfigurationList section */
		56F8557A2B2DAB6500588B54 /* Build configuration list for PBXProject "NewTestApp" */ = {
			isa = XCConfigurationList;
			buildConfigurations = (
				56F855912B2DAB6700588B54 /* Debug */,
				56F855922B2DAB6700588B54 /* Release */,
			);
			defaultConfigurationIsVisible = 0;
			defaultConfigurationName = Release;
		};
		56F855932B2DAB6700588B54 /* Build configuration list for PBXNativeTarget "NewTestApp" */ = {
			isa = XCConfigurationList;
			buildConfigurations = (
				56F855942B2DAB6700588B54 /* Debug */,
				56F855952B2DAB6700588B54 /* Release */,
			);
			defaultConfigurationIsVisible = 0;
			defaultConfigurationName = Release;
		};
/* End XCConfigurationList section */
	};
	rootObject = 56F855772B2DAB6500588B54 /* Project object */;
}
